// !$*UTF8*$!
{
	archiveVersion = 1;
	classes = {
	};
	objectVersion = 46;
	objects = {

/* Begin PBXBuildFile section */
		764710031F2ABFCE0025A9EE /* AppDelegate.swift in Sources */ = {isa = PBXBuildFile; fileRef = 764710021F2ABFCE0025A9EE /* AppDelegate.swift */; };
		764710081F2ABFCE0025A9EE /* Main.storyboard in Resources */ = {isa = PBXBuildFile; fileRef = 764710061F2ABFCE0025A9EE /* Main.storyboard */; };
		7647100A1F2ABFCE0025A9EE /* Assets.xcassets in Resources */ = {isa = PBXBuildFile; fileRef = 764710091F2ABFCE0025A9EE /* Assets.xcassets */; };
		7647100D1F2ABFCE0025A9EE /* LaunchScreen.storyboard in Resources */ = {isa = PBXBuildFile; fileRef = 7647100B1F2ABFCE0025A9EE /* LaunchScreen.storyboard */; };
		764710181F2ABFCF0025A9EE /* TheStatesTests.swift in Sources */ = {isa = PBXBuildFile; fileRef = 764710171F2ABFCF0025A9EE /* TheStatesTests.swift */; };
		764710231F2ABFCF0025A9EE /* TheStatesUITests.swift in Sources */ = {isa = PBXBuildFile; fileRef = 764710221F2ABFCF0025A9EE /* TheStatesUITests.swift */; };
		764710321F2AE3F30025A9EE /* states.json in Resources */ = {isa = PBXBuildFile; fileRef = 764710311F2AE3F30025A9EE /* states.json */; };
		764710341F2AE4610025A9EE /* state.swift in Sources */ = {isa = PBXBuildFile; fileRef = 764710331F2AE4610025A9EE /* state.swift */; };
		764710361F2AE7AA0025A9EE /* TheStates.swift in Sources */ = {isa = PBXBuildFile; fileRef = 764710351F2AE7AA0025A9EE /* TheStates.swift */; };
		764710381F2AE95F0025A9EE /* TheStatesJSONParser.swift in Sources */ = {isa = PBXBuildFile; fileRef = 764710371F2AE95F0025A9EE /* TheStatesJSONParser.swift */; };
		7647103A1F2AEB4B0025A9EE /* TheStatesJSONLoader.swift in Sources */ = {isa = PBXBuildFile; fileRef = 764710391F2AEB4B0025A9EE /* TheStatesJSONLoader.swift */; };
		7647103C1F2AEDA80025A9EE /* StatesViewController.swift in Sources */ = {isa = PBXBuildFile; fileRef = 7647103B1F2AEDA80025A9EE /* StatesViewController.swift */; };
		7647103E1F2AEDCD0025A9EE /* StatesDetailViewController.swift in Sources */ = {isa = PBXBuildFile; fileRef = 7647103D1F2AEDCD0025A9EE /* StatesDetailViewController.swift */; };
		764710401F2AF3850025A9EE /* StateTableViewCell.swift in Sources */ = {isa = PBXBuildFile; fileRef = 7647103F1F2AF3850025A9EE /* StateTableViewCell.swift */; };
/* End PBXBuildFile section */

/* Begin PBXContainerItemProxy section */
		764710141F2ABFCF0025A9EE /* PBXContainerItemProxy */ = {
			isa = PBXContainerItemProxy;
			containerPortal = 76470FF71F2ABFCE0025A9EE /* Project object */;
			proxyType = 1;
			remoteGlobalIDString = 76470FFE1F2ABFCE0025A9EE;
			remoteInfo = TheStates;
		};
		7647101F1F2ABFCF0025A9EE /* PBXContainerItemProxy */ = {
			isa = PBXContainerItemProxy;
			containerPortal = 76470FF71F2ABFCE0025A9EE /* Project object */;
			proxyType = 1;
			remoteGlobalIDString = 76470FFE1F2ABFCE0025A9EE;
			remoteInfo = TheStates;
		};
/* End PBXContainerItemProxy section */

/* Begin PBXFileReference section */
		76470FFF1F2ABFCE0025A9EE /* TheStates.app */ = {isa = PBXFileReference; explicitFileType = wrapper.application; includeInIndex = 0; path = TheStates.app; sourceTree = BUILT_PRODUCTS_DIR; };
		764710021F2ABFCE0025A9EE /* AppDelegate.swift */ = {isa = PBXFileReference; lastKnownFileType = sourcecode.swift; path = AppDelegate.swift; sourceTree = "<group>"; };
		764710071F2ABFCE0025A9EE /* Base */ = {isa = PBXFileReference; lastKnownFileType = file.storyboard; name = Base; path = Base.lproj/Main.storyboard; sourceTree = "<group>"; };
		764710091F2ABFCE0025A9EE /* Assets.xcassets */ = {isa = PBXFileReference; lastKnownFileType = folder.assetcatalog; path = Assets.xcassets; sourceTree = "<group>"; };
		7647100C1F2ABFCE0025A9EE /* Base */ = {isa = PBXFileReference; lastKnownFileType = file.storyboard; name = Base; path = Base.lproj/LaunchScreen.storyboard; sourceTree = "<group>"; };
		7647100E1F2ABFCE0025A9EE /* Info.plist */ = {isa = PBXFileReference; lastKnownFileType = text.plist.xml; path = Info.plist; sourceTree = "<group>"; };
		764710131F2ABFCF0025A9EE /* TheStatesTests.xctest */ = {isa = PBXFileReference; explicitFileType = wrapper.cfbundle; includeInIndex = 0; path = TheStatesTests.xctest; sourceTree = BUILT_PRODUCTS_DIR; };
		764710171F2ABFCF0025A9EE /* TheStatesTests.swift */ = {isa = PBXFileReference; lastKnownFileType = sourcecode.swift; path = TheStatesTests.swift; sourceTree = "<group>"; };
		764710191F2ABFCF0025A9EE /* Info.plist */ = {isa = PBXFileReference; lastKnownFileType = text.plist.xml; path = Info.plist; sourceTree = "<group>"; };
		7647101E1F2ABFCF0025A9EE /* TheStatesUITests.xctest */ = {isa = PBXFileReference; explicitFileType = wrapper.cfbundle; includeInIndex = 0; path = TheStatesUITests.xctest; sourceTree = BUILT_PRODUCTS_DIR; };
		764710221F2ABFCF0025A9EE /* TheStatesUITests.swift */ = {isa = PBXFileReference; lastKnownFileType = sourcecode.swift; path = TheStatesUITests.swift; sourceTree = "<group>"; };
		764710241F2ABFCF0025A9EE /* Info.plist */ = {isa = PBXFileReference; lastKnownFileType = text.plist.xml; path = Info.plist; sourceTree = "<group>"; };
		764710311F2AE3F30025A9EE /* states.json */ = {isa = PBXFileReference; fileEncoding = 4; lastKnownFileType = text.json; path = states.json; sourceTree = "<group>"; };
		764710331F2AE4610025A9EE /* state.swift */ = {isa = PBXFileReference; fileEncoding = 4; lastKnownFileType = sourcecode.swift; path = state.swift; sourceTree = "<group>"; };
		764710351F2AE7AA0025A9EE /* TheStates.swift */ = {isa = PBXFileReference; fileEncoding = 4; lastKnownFileType = sourcecode.swift; path = TheStates.swift; sourceTree = "<group>"; };
		764710371F2AE95F0025A9EE /* TheStatesJSONParser.swift */ = {isa = PBXFileReference; fileEncoding = 4; lastKnownFileType = sourcecode.swift; path = TheStatesJSONParser.swift; sourceTree = "<group>"; };
		764710391F2AEB4B0025A9EE /* TheStatesJSONLoader.swift */ = {isa = PBXFileReference; fileEncoding = 4; lastKnownFileType = sourcecode.swift; path = TheStatesJSONLoader.swift; sourceTree = "<group>"; };
		7647103B1F2AEDA80025A9EE /* StatesViewController.swift */ = {isa = PBXFileReference; fileEncoding = 4; lastKnownFileType = sourcecode.swift; path = StatesViewController.swift; sourceTree = "<group>"; };
		7647103D1F2AEDCD0025A9EE /* StatesDetailViewController.swift */ = {isa = PBXFileReference; fileEncoding = 4; lastKnownFileType = sourcecode.swift; path = StatesDetailViewController.swift; sourceTree = "<group>"; };
		7647103F1F2AF3850025A9EE /* StateTableViewCell.swift */ = {isa = PBXFileReference; fileEncoding = 4; lastKnownFileType = sourcecode.swift; path = StateTableViewCell.swift; sourceTree = "<group>"; };
/* End PBXFileReference section */

/* Begin PBXFrameworksBuildPhase section */
		76470FFC1F2ABFCE0025A9EE /* Frameworks */ = {
			isa = PBXFrameworksBuildPhase;
			buildActionMask = 2147483647;
			files = (
			);
			runOnlyForDeploymentPostprocessing = 0;
		};
		764710101F2ABFCF0025A9EE /* Frameworks */ = {
			isa = PBXFrameworksBuildPhase;
			buildActionMask = 2147483647;
			files = (
			);
			runOnlyForDeploymentPostprocessing = 0;
		};
		7647101B1F2ABFCF0025A9EE /* Frameworks */ = {
			isa = PBXFrameworksBuildPhase;
			buildActionMask = 2147483647;
			files = (
			);
			runOnlyForDeploymentPostprocessing = 0;
		};
/* End PBXFrameworksBuildPhase section */

/* Begin PBXGroup section */
		76470FF61F2ABFCE0025A9EE = {
			isa = PBXGroup;
			children = (
				764710011F2ABFCE0025A9EE /* TheStates */,
				764710161F2ABFCF0025A9EE /* TheStatesTests */,
				764710211F2ABFCF0025A9EE /* TheStatesUITests */,
				764710001F2ABFCE0025A9EE /* Products */,
			);
			sourceTree = "<group>";
		};
		764710001F2ABFCE0025A9EE /* Products */ = {
			isa = PBXGroup;
			children = (
				76470FFF1F2ABFCE0025A9EE /* TheStates.app */,
				764710131F2ABFCF0025A9EE /* TheStatesTests.xctest */,
				7647101E1F2ABFCF0025A9EE /* TheStatesUITests.xctest */,
			);
			name = Products;
			sourceTree = "<group>";
		};
		764710011F2ABFCE0025A9EE /* TheStates */ = {
			isa = PBXGroup;
			children = (
				764710301F2AE38C0025A9EE /* Model */,
				764710021F2ABFCE0025A9EE /* AppDelegate.swift */,
				764710061F2ABFCE0025A9EE /* Main.storyboard */,
				764710091F2ABFCE0025A9EE /* Assets.xcassets */,
				7647100B1F2ABFCE0025A9EE /* LaunchScreen.storyboard */,
				7647100E1F2ABFCE0025A9EE /* Info.plist */,
				7647103B1F2AEDA80025A9EE /* StatesViewController.swift */,
				7647103D1F2AEDCD0025A9EE /* StatesDetailViewController.swift */,
				7647103F1F2AF3850025A9EE /* StateTableViewCell.swift */,
			);
			path = TheStates;
			sourceTree = "<group>";
		};
		764710161F2ABFCF0025A9EE /* TheStatesTests */ = {
			isa = PBXGroup;
			children = (
				764710171F2ABFCF0025A9EE /* TheStatesTests.swift */,
				764710191F2ABFCF0025A9EE /* Info.plist */,
			);
			path = TheStatesTests;
			sourceTree = "<group>";
		};
		764710211F2ABFCF0025A9EE /* TheStatesUITests */ = {
			isa = PBXGroup;
			children = (
				764710221F2ABFCF0025A9EE /* TheStatesUITests.swift */,
				764710241F2ABFCF0025A9EE /* Info.plist */,
			);
			path = TheStatesUITests;
			sourceTree = "<group>";
		};
		764710301F2AE38C0025A9EE /* Model */ = {
			isa = PBXGroup;
			children = (
				764710311F2AE3F30025A9EE /* states.json */,
				764710331F2AE4610025A9EE /* state.swift */,
				764710351F2AE7AA0025A9EE /* TheStates.swift */,
				764710371F2AE95F0025A9EE /* TheStatesJSONParser.swift */,
				764710391F2AEB4B0025A9EE /* TheStatesJSONLoader.swift */,
			);
			path = Model;
			sourceTree = "<group>";
		};
/* End PBXGroup section */

/* Begin PBXNativeTarget section */
		76470FFE1F2ABFCE0025A9EE /* TheStates */ = {
			isa = PBXNativeTarget;
			buildConfigurationList = 764710271F2ABFCF0025A9EE /* Build configuration list for PBXNativeTarget "TheStates" */;
			buildPhases = (
				76470FFB1F2ABFCE0025A9EE /* Sources */,
				76470FFC1F2ABFCE0025A9EE /* Frameworks */,
				76470FFD1F2ABFCE0025A9EE /* Resources */,
			);
			buildRules = (
			);
			dependencies = (
			);
			name = TheStates;
			productName = TheStates;
			productReference = 76470FFF1F2ABFCE0025A9EE /* TheStates.app */;
			productType = "com.apple.product-type.application";
		};
		764710121F2ABFCF0025A9EE /* TheStatesTests */ = {
			isa = PBXNativeTarget;
			buildConfigurationList = 7647102A1F2ABFCF0025A9EE /* Build configuration list for PBXNativeTarget "TheStatesTests" */;
			buildPhases = (
				7647100F1F2ABFCF0025A9EE /* Sources */,
				764710101F2ABFCF0025A9EE /* Frameworks */,
				764710111F2ABFCF0025A9EE /* Resources */,
			);
			buildRules = (
			);
			dependencies = (
				764710151F2ABFCF0025A9EE /* PBXTargetDependency */,
			);
			name = TheStatesTests;
			productName = TheStatesTests;
			productReference = 764710131F2ABFCF0025A9EE /* TheStatesTests.xctest */;
			productType = "com.apple.product-type.bundle.unit-test";
		};
		7647101D1F2ABFCF0025A9EE /* TheStatesUITests */ = {
			isa = PBXNativeTarget;
			buildConfigurationList = 7647102D1F2ABFCF0025A9EE /* Build configuration list for PBXNativeTarget "TheStatesUITests" */;
			buildPhases = (
				7647101A1F2ABFCF0025A9EE /* Sources */,
				7647101B1F2ABFCF0025A9EE /* Frameworks */,
				7647101C1F2ABFCF0025A9EE /* Resources */,
			);
			buildRules = (
			);
			dependencies = (
				764710201F2ABFCF0025A9EE /* PBXTargetDependency */,
			);
			name = TheStatesUITests;
			productName = TheStatesUITests;
			productReference = 7647101E1F2ABFCF0025A9EE /* TheStatesUITests.xctest */;
			productType = "com.apple.product-type.bundle.ui-testing";
		};
/* End PBXNativeTarget section */

/* Begin PBXProject section */
		76470FF71F2ABFCE0025A9EE /* Project object */ = {
			isa = PBXProject;
			attributes = {
				LastSwiftUpdateCheck = 0830;
				LastUpgradeCheck = 0830;
				ORGANIZATIONNAME = "Jaylin Phipps";
				TargetAttributes = {
					76470FFE1F2ABFCE0025A9EE = {
						CreatedOnToolsVersion = 8.3.3;
						DevelopmentTeam = VHR8SJQWXF;
						ProvisioningStyle = Automatic;
					};
					764710121F2ABFCF0025A9EE = {
						CreatedOnToolsVersion = 8.3.3;
						DevelopmentTeam = VHR8SJQWXF;
						ProvisioningStyle = Automatic;
						TestTargetID = 76470FFE1F2ABFCE0025A9EE;
					};
					7647101D1F2ABFCF0025A9EE = {
						CreatedOnToolsVersion = 8.3.3;
						DevelopmentTeam = VHR8SJQWXF;
						ProvisioningStyle = Automatic;
						TestTargetID = 76470FFE1F2ABFCE0025A9EE;
					};
				};
			};
			buildConfigurationList = 76470FFA1F2ABFCE0025A9EE /* Build configuration list for PBXProject "TheStates" */;
			compatibilityVersion = "Xcode 3.2";
			developmentRegion = English;
			hasScannedForEncodings = 0;
			knownRegions = (
				en,
				Base,
			);
			mainGroup = 76470FF61F2ABFCE0025A9EE;
			productRefGroup = 764710001F2ABFCE0025A9EE /* Products */;
			projectDirPath = "";
			projectRoot = "";
			targets = (
				76470FFE1F2ABFCE0025A9EE /* TheStates */,
				764710121F2ABFCF0025A9EE /* TheStatesTests */,
				7647101D1F2ABFCF0025A9EE /* TheStatesUITests */,
			);
		};
/* End PBXProject section */

/* Begin PBXResourcesBuildPhase section */
		76470FFD1F2ABFCE0025A9EE /* Resources */ = {
			isa = PBXResourcesBuildPhase;
			buildActionMask = 2147483647;
			files = (
				7647100D1F2ABFCE0025A9EE /* LaunchScreen.storyboard in Resources */,
				7647100A1F2ABFCE0025A9EE /* Assets.xcassets in Resources */,
				764710081F2ABFCE0025A9EE /* Main.storyboard in Resources */,
				764710321F2AE3F30025A9EE /* states.json in Resources */,
			);
			runOnlyForDeploymentPostprocessing = 0;
		};
		764710111F2ABFCF0025A9EE /* Resources */ = {
			isa = PBXResourcesBuildPhase;
			buildActionMask = 2147483647;
			files = (
			);
			runOnlyForDeploymentPostprocessing = 0;
		};
		7647101C1F2ABFCF0025A9EE /* Resources */ = {
			isa = PBXResourcesBuildPhase;
			buildActionMask = 2147483647;
			files = (
			);
			runOnlyForDeploymentPostprocessing = 0;
		};
/* End PBXResourcesBuildPhase section */

/* Begin PBXSourcesBuildPhase section */
		76470FFB1F2ABFCE0025A9EE /* Sources */ = {
			isa = PBXSourcesBuildPhase;
			buildActionMask = 2147483647;
			files = (
				764710381F2AE95F0025A9EE /* TheStatesJSONParser.swift in Sources */,
				7647103E1F2AEDCD0025A9EE /* StatesDetailViewController.swift in Sources */,
				764710031F2ABFCE0025A9EE /* AppDelegate.swift in Sources */,
				764710341F2AE4610025A9EE /* state.swift in Sources */,
				7647103A1F2AEB4B0025A9EE /* TheStatesJSONLoader.swift in Sources */,
				7647103C1F2AEDA80025A9EE /* StatesViewController.swift in Sources */,
				764710361F2AE7AA0025A9EE /* TheStates.swift in Sources */,
				764710401F2AF3850025A9EE /* StateTableViewCell.swift in Sources */,
			);
			runOnlyForDeploymentPostprocessing = 0;
		};
		7647100F1F2ABFCF0025A9EE /* Sources */ = {
			isa = PBXSourcesBuildPhase;
			buildActionMask = 2147483647;
			files = (
				764710181F2ABFCF0025A9EE /* TheStatesTests.swift in Sources */,
			);
			runOnlyForDeploymentPostprocessing = 0;
		};
		7647101A1F2ABFCF0025A9EE /* Sources */ = {
			isa = PBXSourcesBuildPhase;
			buildActionMask = 2147483647;
			files = (
				764710231F2ABFCF0025A9EE /* TheStatesUITests.swift in Sources */,
			);
			runOnlyForDeploymentPostprocessing = 0;
		};
/* End PBXSourcesBuildPhase section */

/* Begin PBXTargetDependency section */
		764710151F2ABFCF0025A9EE /* PBXTargetDependency */ = {
			isa = PBXTargetDependency;
			target = 76470FFE1F2ABFCE0025A9EE /* TheStates */;
			targetProxy = 764710141F2ABFCF0025A9EE /* PBXContainerItemProxy */;
		};
		764710201F2ABFCF0025A9EE /* PBXTargetDependency */ = {
			isa = PBXTargetDependency;
			target = 76470FFE1F2ABFCE0025A9EE /* TheStates */;
			targetProxy = 7647101F1F2ABFCF0025A9EE /* PBXContainerItemProxy */;
		};
/* End PBXTargetDependency section */

/* Begin PBXVariantGroup section */
		764710061F2ABFCE0025A9EE /* Main.storyboard */ = {
			isa = PBXVariantGroup;
			children = (
				764710071F2ABFCE0025A9EE /* Base */,
			);
			name = Main.storyboard;
			sourceTree = "<group>";
		};
		7647100B1F2ABFCE0025A9EE /* LaunchScreen.storyboard */ = {
			isa = PBXVariantGroup;
			children = (
				7647100C1F2ABFCE0025A9EE /* Base */,
			);
			name = LaunchScreen.storyboard;
			sourceTree = "<group>";
		};
/* End PBXVariantGroup section */

/* Begin XCBuildConfiguration section */
		764710251F2ABFCF0025A9EE /* Debug */ = {
			isa = XCBuildConfiguration;
			buildSettings = {
				ALWAYS_SEARCH_USER_PATHS = NO;
				CLANG_ANALYZER_NONNULL = YES;
				CLANG_ANALYZER_NUMBER_OBJECT_CONVERSION = YES_AGGRESSIVE;
				CLANG_CXX_LANGUAGE_STANDARD = "gnu++0x";
				CLANG_CXX_LIBRARY = "libc++";
				CLANG_ENABLE_MODULES = YES;
				CLANG_ENABLE_OBJC_ARC = YES;
				CLANG_WARN_BOOL_CONVERSION = YES;
				CLANG_WARN_CONSTANT_CONVERSION = YES;
				CLANG_WARN_DIRECT_OBJC_ISA_USAGE = YES_ERROR;
				CLANG_WARN_DOCUMENTATION_COMMENTS = YES;
				CLANG_WARN_EMPTY_BODY = YES;
				CLANG_WARN_ENUM_CONVERSION = YES;
				CLANG_WARN_INFINITE_RECURSION = YES;
				CLANG_WARN_INT_CONVERSION = YES;
				CLANG_WARN_OBJC_ROOT_CLASS = YES_ERROR;
				CLANG_WARN_SUSPICIOUS_MOVE = YES;
				CLANG_WARN_UNREACHABLE_CODE = YES;
				CLANG_WARN__DUPLICATE_METHOD_MATCH = YES;
				"CODE_SIGN_IDENTITY[sdk=iphoneos*]" = "iPhone Developer";
				COPY_PHASE_STRIP = NO;
				DEBUG_INFORMATION_FORMAT = dwarf;
				ENABLE_STRICT_OBJC_MSGSEND = YES;
				ENABLE_TESTABILITY = YES;
				GCC_C_LANGUAGE_STANDARD = gnu99;
				GCC_DYNAMIC_NO_PIC = NO;
				GCC_NO_COMMON_BLOCKS = YES;
				GCC_OPTIMIZATION_LEVEL = 0;
				GCC_PREPROCESSOR_DEFINITIONS = (
					"DEBUG=1",
					"$(inherited)",
				);
				GCC_WARN_64_TO_32_BIT_CONVERSION = YES;
				GCC_WARN_ABOUT_RETURN_TYPE = YES_ERROR;
				GCC_WARN_UNDECLARED_SELECTOR = YES;
				GCC_WARN_UNINITIALIZED_AUTOS = YES_AGGRESSIVE;
				GCC_WARN_UNUSED_FUNCTION = YES;
				GCC_WARN_UNUSED_VARIABLE = YES;
				IPHONEOS_DEPLOYMENT_TARGET = 10.3;
				MTL_ENABLE_DEBUG_INFO = YES;
				ONLY_ACTIVE_ARCH = YES;
				SDKROOT = iphoneos;
				SWIFT_ACTIVE_COMPILATION_CONDITIONS = DEBUG;
				SWIFT_OPTIMIZATION_LEVEL = "-Onone";
				TARGETED_DEVICE_FAMILY = "1,2";
			};
			name = Debug;
		};
		764710261F2ABFCF0025A9EE /* Release */ = {
			isa = XCBuildConfiguration;
			buildSettings = {
				ALWAYS_SEARCH_USER_PATHS = NO;
				CLANG_ANALYZER_NONNULL = YES;
				CLANG_ANALYZER_NUMBER_OBJECT_CONVERSION = YES_AGGRESSIVE;
				CLANG_CXX_LANGUAGE_STANDARD = "gnu++0x";
				CLANG_CXX_LIBRARY = "libc++";
				CLANG_ENABLE_MODULES = YES;
				CLANG_ENABLE_OBJC_ARC = YES;
				CLANG_WARN_BOOL_CONVERSION = YES;
				CLANG_WARN_CONSTANT_CONVERSION = YES;
				CLANG_WARN_DIRECT_OBJC_ISA_USAGE = YES_ERROR;
				CLANG_WARN_DOCUMENTATION_COMMENTS = YES;
				CLANG_WARN_EMPTY_BODY = YES;
				CLANG_WARN_ENUM_CONVERSION = YES;
				CLANG_WARN_INFINITE_RECURSION = YES;
				CLANG_WARN_INT_CONVERSION = YES;
				CLANG_WARN_OBJC_ROOT_CLASS = YES_ERROR;
				CLANG_WARN_SUSPICIOUS_MOVE = YES;
				CLANG_WARN_UNREACHABLE_CODE = YES;
				CLANG_WARN__DUPLICATE_METHOD_MATCH = YES;
				"CODE_SIGN_IDENTITY[sdk=iphoneos*]" = "iPhone Developer";
				COPY_PHASE_STRIP = NO;
				DEBUG_INFORMATION_FORMAT = "dwarf-with-dsym";
				ENABLE_NS_ASSERTIONS = NO;
				ENABLE_STRICT_OBJC_MSGSEND = YES;
				GCC_C_LANGUAGE_STANDARD = gnu99;
				GCC_NO_COMMON_BLOCKS = YES;
				GCC_WARN_64_TO_32_BIT_CONVERSION = YES;
				GCC_WARN_ABOUT_RETURN_TYPE = YES_ERROR;
				GCC_WARN_UNDECLARED_SELECTOR = YES;
				GCC_WARN_UNINITIALIZED_AUTOS = YES_AGGRESSIVE;
				GCC_WARN_UNUSED_FUNCTION = YES;
				GCC_WARN_UNUSED_VARIABLE = YES;
				IPHONEOS_DEPLOYMENT_TARGET = 10.3;
				MTL_ENABLE_DEBUG_INFO = NO;
				SDKROOT = iphoneos;
				SWIFT_OPTIMIZATION_LEVEL = "-Owholemodule";
				TARGETED_DEVICE_FAMILY = "1,2";
				VALIDATE_PRODUCT = YES;
			};
			name = Release;
		};
		764710281F2ABFCF0025A9EE /* Debug */ = {
			isa = XCBuildConfiguration;
			buildSettings = {
				ASSETCATALOG_COMPILER_APPICON_NAME = AppIcon;
				DEVELOPMENT_TEAM = VHR8SJQWXF;
				INFOPLIST_FILE = TheStates/Info.plist;
				LD_RUNPATH_SEARCH_PATHS = "$(inherited) @executable_path/Frameworks";
				PRODUCT_BUNDLE_IDENTIFIER = JPhipps.TheStates;
				PRODUCT_NAME = "$(TARGET_NAME)";
				SWIFT_VERSION = 3.0;
			};
			name = Debug;
		};
		764710291F2ABFCF0025A9EE /* Release */ = {
			isa = XCBuildConfiguration;
			buildSettings = {
				ASSETCATALOG_COMPILER_APPICON_NAME = AppIcon;
				DEVELOPMENT_TEAM = VHR8SJQWXF;
				INFOPLIST_FILE = TheStates/Info.plist;
				LD_RUNPATH_SEARCH_PATHS = "$(inherited) @executable_path/Frameworks";
				PRODUCT_BUNDLE_IDENTIFIER = JPhipps.TheStates;
				PRODUCT_NAME = "$(TARGET_NAME)";
				SWIFT_VERSION = 3.0;
			};
			name = Release;
		};
		7647102B1F2ABFCF0025A9EE /* Debug */ = {
			isa = XCBuildConfiguration;
			buildSettings = {
				ALWAYS_EMBED_SWIFT_STANDARD_LIBRARIES = YES;
				BUNDLE_LOADER = "$(TEST_HOST)";
				DEVELOPMENT_TEAM = VHR8SJQWXF;
				INFOPLIST_FILE = TheStatesTests/Info.plist;
				LD_RUNPATH_SEARCH_PATHS = "$(inherited) @executable_path/Frameworks @loader_path/Frameworks";
				PRODUCT_BUNDLE_IDENTIFIER = JPhipps.TheStatesTests;
				PRODUCT_NAME = "$(TARGET_NAME)";
				SWIFT_VERSION = 3.0;
				TEST_HOST = "$(BUILT_PRODUCTS_DIR)/TheStates.app/TheStates";
			};
			name = Debug;
		};
		7647102C1F2ABFCF0025A9EE /* Release */ = {
			isa = XCBuildConfiguration;
			buildSettings = {
				ALWAYS_EMBED_SWIFT_STANDARD_LIBRARIES = YES;
				BUNDLE_LOADER = "$(TEST_HOST)";
				DEVELOPMENT_TEAM = VHR8SJQWXF;
				INFOPLIST_FILE = TheStatesTests/Info.plist;
				LD_RUNPATH_SEARCH_PATHS = "$(inherited) @executable_path/Frameworks @loader_path/Frameworks";
				PRODUCT_BUNDLE_IDENTIFIER = JPhipps.TheStatesTests;
				PRODUCT_NAME = "$(TARGET_NAME)";
				SWIFT_VERSION = 3.0;
				TEST_HOST = "$(BUILT_PRODUCTS_DIR)/TheStates.app/TheStates";
			};
			name = Release;
		};
		7647102E1F2ABFCF0025A9EE /* Debug */ = {
			isa = XCBuildConfiguration;
			buildSettings = {
				ALWAYS_EMBED_SWIFT_STANDARD_LIBRARIES = YES;
				DEVELOPMENT_TEAM = VHR8SJQWXF;
				INFOPLIST_FILE = TheStatesUITests/Info.plist;
				LD_RUNPATH_SEARCH_PATHS = "$(inherited) @executable_path/Frameworks @loader_path/Frameworks";
				PRODUCT_BUNDLE_IDENTIFIER = JPhipps.TheStatesUITests;
				PRODUCT_NAME = "$(TARGET_NAME)";
				SWIFT_VERSION = 3.0;
				TEST_TARGET_NAME = TheStates;
			};
			name = Debug;
		};
		7647102F1F2ABFCF0025A9EE /* Release */ = {
			isa = XCBuildConfiguration;
			buildSettings = {
				ALWAYS_EMBED_SWIFT_STANDARD_LIBRARIES = YES;
				DEVELOPMENT_TEAM = VHR8SJQWXF;
				INFOPLIST_FILE = TheStatesUITests/Info.plist;
				LD_RUNPATH_SEARCH_PATHS = "$(inherited) @executable_path/Frameworks @loader_path/Frameworks";
				PRODUCT_BUNDLE_IDENTIFIER = JPhipps.TheStatesUITests;
				PRODUCT_NAME = "$(TARGET_NAME)";
				SWIFT_VERSION = 3.0;
				TEST_TARGET_NAME = TheStates;
			};
			name = Release;
		};
/* End XCBuildConfiguration section */

/* Begin XCConfigurationList section */
		76470FFA1F2ABFCE0025A9EE /* Build configuration list for PBXProject "TheStates" */ = {
			isa = XCConfigurationList;
			buildConfigurations = (
				764710251F2ABFCF0025A9EE /* Debug */,
				764710261F2ABFCF0025A9EE /* Release */,
			);
			defaultConfigurationIsVisible = 0;
			defaultConfigurationName = Release;
		};
		764710271F2ABFCF0025A9EE /* Build configuration list for PBXNativeTarget "TheStates" */ = {
			isa = XCConfigurationList;
			buildConfigurations = (
				764710281F2ABFCF0025A9EE /* Debug */,
				764710291F2ABFCF0025A9EE /* Release */,
			);
			defaultConfigurationIsVisible = 0;
		};
		7647102A1F2ABFCF0025A9EE /* Build configuration list for PBXNativeTarget "TheStatesTests" */ = {
			isa = XCConfigurationList;
			buildConfigurations = (
				7647102B1F2ABFCF0025A9EE /* Debug */,
				7647102C1F2ABFCF0025A9EE /* Release */,
			);
			defaultConfigurationIsVisible = 0;
		};
		7647102D1F2ABFCF0025A9EE /* Build configuration list for PBXNativeTarget "TheStatesUITests" */ = {
			isa = XCConfigurationList;
			buildConfigurations = (
				7647102E1F2ABFCF0025A9EE /* Debug */,
				7647102F1F2ABFCF0025A9EE /* Release */,
			);
			defaultConfigurationIsVisible = 0;
		};
/* End XCConfigurationList section */
	};
	rootObject = 76470FF71F2ABFCE0025A9EE /* Project object */;
}
